{
  "nodes": {
    "disko": {
      "inputs": {
        "nixpkgs": [
          "nixpkgs"
        ]
      },
      "locked": {
        "lastModified": 1713406758,
        "narHash": "sha256-kwZvhmx+hSZvjzemKxsAqzEqWmXZS47VVwQhNrINORQ=",
        "owner": "nix-community",
        "repo": "disko",
        "rev": "1efd500e9805a9efbce401ed5999006d397b9f11",
        "type": "github"
      },
      "original": {
        "owner": "nix-community",
        "repo": "disko",
        "type": "github"
      }
    },
    "flake-compat": {
      "flake": false,
      "locked": {
        "lastModified": 1696426674,
        "narHash": "sha256-kvjfFW7WAETZlt09AgDn1MrtKzP7t90Vf7vypd3OL1U=",
        "owner": "edolstra",
        "repo": "flake-compat",
        "rev": "0f9255e01c2351cc7d116c072cb317785dd33b33",
        "type": "github"
      },
      "original": {
        "owner": "edolstra",
        "repo": "flake-compat",
        "type": "github"
      }
    },
    "flake-parts": {
      "inputs": {
        "nixpkgs-lib": [
          "nixpkgs"
        ]
      },
      "locked": {
        "lastModified": 1712014858,
        "narHash": "sha256-sB4SWl2lX95bExY2gMFG5HIzvva5AVMJd4Igm+GpZNw=",
        "owner": "hercules-ci",
        "repo": "flake-parts",
        "rev": "9126214d0a59633752a136528f5f3b9aa8565b7d",
        "type": "github"
      },
      "original": {
        "owner": "hercules-ci",
        "repo": "flake-parts",
        "type": "github"
      }
    },
    "flake-utils": {
      "inputs": {
        "systems": "systems"
      },
      "locked": {
        "lastModified": 1710146030,
        "narHash": "sha256-SZ5L6eA7HJ/nmkzGG7/ISclqe6oZdOZTNoesiInkXPQ=",
        "owner": "numtide",
        "repo": "flake-utils",
        "rev": "b1d9ab70662946ef0850d488da1c9019f3a9752a",
        "type": "github"
      },
      "original": {
        "owner": "numtide",
        "repo": "flake-utils",
        "type": "github"
      }
    },
    "home-manager": {
      "inputs": {
        "nixpkgs": [
          "nixpkgs"
        ]
      },
      "locked": {
        "lastModified": 1713391096,
        "narHash": "sha256-5xkzsy+ILgQlmvDDipL5xqAehnjWBenAQXV4/NLg2dE=",
        "owner": "nix-community",
        "repo": "home-manager",
        "rev": "f46814ec7cbef9c2aef18ca1cbe89f2bb1e8c394",
        "type": "github"
      },
      "original": {
        "owner": "nix-community",
        "repo": "home-manager",
        "type": "github"
      }
    },
    "nix-darwin": {
      "inputs": {
        "nixpkgs": [
          "nixpkgs"
        ]
      },
      "locked": {
        "lastModified": 1711763326,
        "narHash": "sha256-sXcesZWKXFlEQ8oyGHnfk4xc9f2Ip0X/+YZOq3sKviI=",
        "owner": "LnL7",
        "repo": "nix-darwin",
        "rev": "36524adc31566655f2f4d55ad6b875fb5c1a4083",
        "type": "github"
      },
      "original": {
        "owner": "LnL7",
        "repo": "nix-darwin",
        "type": "github"
      }
    },
    "nixos-hardware": {
      "locked": {
        "lastModified": 1713377320,
        "narHash": "sha256-OrBm62B+X9jylr6cPgKc+5OSgF2PRW9IY0ARCOtURMY=",
        "owner": "NixOS",
        "repo": "nixos-hardware",
        "rev": "f2d364de6589f7a029624983593eafc3c4dac726",
        "type": "github"
      },
      "original": {
        "owner": "NixOS",
        "repo": "nixos-hardware",
        "type": "github"
      }
    },
    "nixos-wsl": {
      "inputs": {
        "flake-compat": "flake-compat",
        "flake-utils": "flake-utils",
        "nixpkgs": [
          "nixpkgs"
        ]
      },
      "locked": {
        "lastModified": 1713348128,
        "narHash": "sha256-n+RMDvfxqLLxD4/I19wyYJQMbXct/4Sj5FDhVL2rff0=",
        "owner": "nix-community",
        "repo": "NixOS-WSL",
        "rev": "fc58f5c486f8056bc5fd38488d5510ab5fd294b7",
        "type": "github"
      },
      "original": {
        "owner": "nix-community",
        "repo": "NixOS-WSL",
        "type": "github"
      }
    },
    "nixpkgs": {
      "locked": {
        "lastModified": 1713284584,
        "narHash": "sha256-rRuPBJD9+yjz7tY3xC/BvFUwloutynR9piiVE6fhGqo=",
        "owner": "NixOS",
        "repo": "nixpkgs",
        "rev": "2b6ee326ad047870526d9a3ae88dfd0197da898d",
        "type": "github"
      },
      "original": {
        "owner": "NixOS",
        "ref": "nixpkgs-unstable",
        "repo": "nixpkgs",
        "type": "github"
      }
    },
    "nixpkgs-networking": {
      "locked": {
        "lastModified": 1696097775,
        "narHash": "sha256-wO8vGqf+TCKU7wjSspng2PXj9R/InMwf+tUK4mtR38o=",
        "owner": "djacu",
        "repo": "nixpkgs",
        "rev": "adb22cf69f2ae001ed2b685cda4ab767db6b9445",
        "type": "github"
      },
      "original": {
        "owner": "djacu",
        "ref": "add-networking-lib",
        "repo": "nixpkgs",
        "type": "github"
      }
    },
    "nixpkgs-stable": {
      "locked": {
        "lastModified": 1705957679,
        "narHash": "sha256-Q8LJaVZGJ9wo33wBafvZSzapYsjOaNjP/pOnSiKVGHY=",
        "owner": "NixOS",
        "repo": "nixpkgs",
        "rev": "9a333eaa80901efe01df07eade2c16d183761fa3",
        "type": "github"
      },
      "original": {
        "owner": "NixOS",
        "ref": "release-23.05",
        "repo": "nixpkgs",
        "type": "github"
      }
    },
    "nur": {
      "locked": {
        "lastModified": 1713428541,
        "narHash": "sha256-NyRSt7UAL5somK25jMl+L2HW2mMcZ1f15ANdmHZU1YM=",
        "owner": "nix-community",
        "repo": "NUR",
        "rev": "263715fe80866783b4158994de294e10cdc94d40",
        "type": "github"
      },
      "original": {
        "owner": "nix-community",
        "repo": "NUR",
        "type": "github"
      }
    },
    "root": {
      "inputs": {
        "disko": "disko",
        "flake-parts": "flake-parts",
        "home-manager": "home-manager",
        "nix-darwin": "nix-darwin",
        "nixos-hardware": "nixos-hardware",
        "nixos-wsl": "nixos-wsl",
        "nixpkgs": "nixpkgs",
        "nixpkgs-networking": "nixpkgs-networking",
        "nixpkgs-stable": "nixpkgs-stable",
        "nur": "nur",
        "sops-nix": "sops-nix",
        "systems": "systems_2"
      }
    },
    "sops-nix": {
      "inputs": {
        "nixpkgs": [
          "nixpkgs"
        ],
        "nixpkgs-stable": [
          "nixpkgs-stable"
        ]
      },
      "locked": {
        "lastModified": 1713428550,
        "narHash": "sha256-bHWNcnnlVzd1ek7uHoQQzFEM5lqscijCOgcz1uU766w=",
        "owner": "Mic92",
        "repo": "sops-nix",
        "rev": "a9795d1959fe17a38bc901323d25f4e70acef511",
        "type": "github"
      },
      "original": {
        "owner": "Mic92",
        "repo": "sops-nix",
        "type": "github"
      }
    },
    "systems": {
      "locked": {
        "lastModified": 1681028828,
        "narHash": "sha256-Vy1rq5AaRuLzOxct8nz4T6wlgyUR7zLU309k9mBC768=",
        "owner": "nix-systems",
        "repo": "default",
        "rev": "da67096a3b9bf56a91d16901293e51ba5b49a27e",
        "type": "github"
      },
      "original": {
        "owner": "nix-systems",
        "repo": "default",
        "type": "github"
      }
    },
    "systems_2": {
      "locked": {
        "lastModified": 1681028828,
        "narHash": "sha256-Vy1rq5AaRuLzOxct8nz4T6wlgyUR7zLU309k9mBC768=",
        "owner": "nix-systems",
        "repo": "default",
        "rev": "da67096a3b9bf56a91d16901293e51ba5b49a27e",
        "type": "github"
      },
      "original": {
        "owner": "nix-systems",
        "repo": "default",
        "type": "github"
      }
    }
  },
  "root": "root",
  "version": 7
}
